<?xml version="1.0" encoding="utf-8"?>
<Project ToolsVersion="4.0" xmlns="http://schemas.microsoft.com/developer/msbuild/2003">
  <ItemGroup>
    <ClCompile Include="Automato.cpp" />
    <ClCompile Include="Controle.cpp" />
    <ClCompile Include="FormListaAutomato.cpp" />
    <ClCompile Include="MenuAS.cpp" />
    <ClCompile Include="Principal.cpp" />
    <ClCompile Include="SobreAs.cpp" />
    <ClCompile Include="SobreAutomato1Form.cpp" />
    <ClCompile Include="SobreAutomato4.cpp" />
    <ClCompile Include="TesteAutomatoForm.cpp" />
    <ClCompile Include="TesteAutomatoPorta.cpp" />
    <ClCompile Include="TesteAutomatoTorneira.cpp" />
    <ClCompile Include="SobreAutomato2Form.cpp" />
    <ClCompile Include="SobreAutomato3Form.cpp" />
    <ClCompile Include="SobreAutomato5Form.cpp" />
  </ItemGroup>
  <ItemGroup>
    <ClInclude Include="Automato.h" />
    <ClInclude Include="Controle.h" />
    <ClInclude Include="FormListaAutomato.h" />
    <ClInclude Include="MenuAS.h" />
    <ClInclude Include="SobreAs.h" />
    <ClInclude Include="SobreAutomato1Form.h" />
    <ClInclude Include="SobreAutomato4.h" />
    <ClInclude Include="TesteAutomatoForm.h" />
    <ClInclude Include="TesteAutomatoPorta.h" />
    <ClInclude Include="TesteAutomatoTorneira.h" />
    <ClInclude Include="SobreAutomato2Form.h" />
    <ClInclude Include="SobreAutomato3Form.h" />
    <ClInclude Include="SobreAutomato5Form.h" />
  </ItemGroup>
  <ItemGroup>
    <EmbeddedResource Include="FormListaAutomato.resx" />
    <EmbeddedResource Include="MenuAS.resx" />
    <EmbeddedResource Include="SobreAs.resx" />
    <EmbeddedResource Include="SobreAutomato1Form.resx" />
    <EmbeddedResource Include="SobreAutomato4.resx" />
    <EmbeddedResource Include="TesteAutomatoForm.resx" />
    <EmbeddedResource Include="TesteAutomatoPorta.resx" />
    <EmbeddedResource Include="TesteAutomatoTorneira.resx" />
  </ItemGroup>
</Project>